
Microsoft Visual Studio Solution File, Format Version 12.00
# Visual Studio 14
VisualStudioVersion = 14.0.25420.1
MinimumVisualStudioVersion = 10.0.40219.1
Project("{FAE04EC0-301F-11D3-BF4B-00C04F79EFBC}") = "WindowsFormsApplication1", "WindowsFormsApplication1\WindowsFormsApplication1.csproj", "{7ADCA339-4906-4A41-9F53-0AC8F933E601}"
EndProject
Project("{FAE04EC0-301F-11D3-BF4B-00C04F79EFBC}") = "CommonHelper", "..\CommonHelper\CommonHelper\CommonHelper.csproj", "{894851A0-8849-4F2F-8C14-936694B97F60}"
EndProject
Project("{FAE04EC0-301F-11D3-BF4B-00C04F79EFBC}") = "CommonCrawler", "..\CommonCrawler\WindowsFormsApplication1\CommonCrawler.csproj", "{82B77463-F71A-4EC8-B70B-6E6A48340C57}"
EndProject
Global
	GlobalSection(SolutionConfigurationPlatforms) = preSolution
		Debug|Any CPU = Debug|Any CPU
		Release|Any CPU = Release|Any CPU
	EndGlobalSection
	GlobalSection(ProjectConfigurationPlatforms) = postSolution
		{7ADCA339-4906-4A41-9F53-0AC8F933E601}.Debug|Any CPU.ActiveCfg = Debug|Any CPU
		{7ADCA339-4906-4A41-9F53-0AC8F933E601}.Debug|Any CPU.Build.0 = Debug|Any CPU
		{7ADCA339-4906-4A41-9F53-0AC8F933E601}.Release|Any CPU.ActiveCfg = Release|Any CPU
		{7ADCA339-4906-4A41-9F53-0AC8F933E601}.Release|Any CPU.Build.0 = Release|Any CPU
		{894851A0-8849-4F2F-8C14-936694B97F60}.Debug|Any CPU.ActiveCfg = Debug|Any CPU
		{894851A0-8849-4F2F-8C14-936694B97F60}.Debug|Any CPU.Build.0 = Debug|Any CPU
		{894851A0-8849-4F2F-8C14-936694B97F60}.Release|Any CPU.ActiveCfg = Release|Any CPU
		{894851A0-8849-4F2F-8C14-936694B97F60}.Release|Any CPU.Build.0 = Release|Any CPU
		{82B77463-F71A-4EC8-B70B-6E6A48340C57}.Debug|Any CPU.ActiveCfg = Debug|Any CPU
		{82B77463-F71A-4EC8-B70B-6E6A48340C57}.Debug|Any CPU.Build.0 = Debug|Any CPU
		{82B77463-F71A-4EC8-B70B-6E6A48340C57}.Release|Any CPU.ActiveCfg = Release|Any CPU
		{82B77463-F71A-4EC8-B70B-6E6A48340C57}.Release|Any CPU.Build.0 = Release|Any CPU
	EndGlobalSection
	GlobalSection(SolutionProperties) = preSolution
		HideSolutionNode = FALSE
	EndGlobalSection
EndGlobal
